{
  "name": "sdk-test",
  "version": "1.0.0",
  "lockfileVersion": 3,
  "requires": true,
  "packages": {
    "": {
      "name": "sdk-test",
      "version": "1.0.0",
      "license": "ISC",
      "dependencies": {
        "@umarise/anchor": "^1.1.4"
      }
    },
    "node_modules/@umarise/anchor": {
      "version": "1.1.4",
      "resolved": "https://registry.npmjs.org/@umarise/anchor/-/anchor-1.1.4.tgz",
      "integrity": "sha512-zZfxlenxep2ODEWUCgnSRqcDMK9T6N16YexrDgovWBeDfwBN1nAeD/Vqap0BU9UFWdifxvzzej1uOOYBjXxCMQ==",
      "license": "Unlicense",
      "engines": {
        "node": ">=18.0.0"
      }
    }
  }
}
